
Microsoft Visual Studio Solution File, Format Version 12.00
# Visual Studio 15
VisualStudioVersion = 15.0.28307.421
MinimumVisualStudioVersion = 10.0.40219.1
Project("{FAE04EC0-301F-11D3-BF4B-00C04F79EFBC}") = "SearchNames", "SearchNames\SearchNames.csproj", "{AC2BF5C5-305B-4797-8F6E-512F06C8F592}"
EndProject
Project("{FAE04EC0-301F-11D3-BF4B-00C04F79EFBC}") = "SearchNamesTests", "SearchNamesTests\SearchNamesTests.csproj", "{79D4007A-9A27-498D-9337-149AEE9D8721}"
EndProject
Global
	GlobalSection(SolutionConfigurationPlatforms) = preSolution
		Debug|Any CPU = Debug|Any CPU
		Release|Any CPU = Release|Any CPU
	EndGlobalSection
	GlobalSection(ProjectConfigurationPlatforms) = postSolution
		{AC2BF5C5-305B-4797-8F6E-512F06C8F592}.Debug|Any CPU.ActiveCfg = Debug|Any CPU
		{AC2BF5C5-305B-4797-8F6E-512F06C8F592}.Debug|Any CPU.Build.0 = Debug|Any CPU
		{AC2BF5C5-305B-4797-8F6E-512F06C8F592}.Release|Any CPU.ActiveCfg = Release|Any CPU
		{AC2BF5C5-305B-4797-8F6E-512F06C8F592}.Release|Any CPU.Build.0 = Release|Any CPU
		{79D4007A-9A27-498D-9337-149AEE9D8721}.Debug|Any CPU.ActiveCfg = Debug|Any CPU
		{79D4007A-9A27-498D-9337-149AEE9D8721}.Debug|Any CPU.Build.0 = Debug|Any CPU
		{79D4007A-9A27-498D-9337-149AEE9D8721}.Release|Any CPU.ActiveCfg = Release|Any CPU
		{79D4007A-9A27-498D-9337-149AEE9D8721}.Release|Any CPU.Build.0 = Release|Any CPU
	EndGlobalSection
	GlobalSection(SolutionProperties) = preSolution
		HideSolutionNode = FALSE
	EndGlobalSection
	GlobalSection(ExtensibilityGlobals) = postSolution
		SolutionGuid = {884B971D-A577-4B32-AE31-C90C65B2A8AC}
	EndGlobalSection
EndGlobal
